
Microsoft Visual Studio Solution File, Format Version 12.00
# Visual Studio Version 17
VisualStudioVersion = 17.6.33723.286
MinimumVisualStudioVersion = 10.0.40219.1
Project("{9A19103F-16F7-4668-BE54-9A1E7A4F7556}") = "qlcaytrong", "qlcaytrong.csproj", "{9CB9F062-5B1D-4A2A-AF57-85A4066B347E}"
EndProject
Global
	GlobalSection(SolutionConfigurationPlatforms) = preSolution
		Debug|Any CPU = Debug|Any CPU
		Release|Any CPU = Release|Any CPU
	EndGlobalSection
	GlobalSection(ProjectConfigurationPlatforms) = postSolution
		{9CB9F062-5B1D-4A2A-AF57-85A4066B347E}.Debug|Any CPU.ActiveCfg = Debug|Any CPU
		{9CB9F062-5B1D-4A2A-AF57-85A4066B347E}.Debug|Any CPU.Build.0 = Debug|Any CPU
		{9CB9F062-5B1D-4A2A-AF57-85A4066B347E}.Release|Any CPU.ActiveCfg = Release|Any CPU
		{9CB9F062-5B1D-4A2A-AF57-85A4066B347E}.Release|Any CPU.Build.0 = Release|Any CPU
	EndGlobalSection
	GlobalSection(SolutionProperties) = preSolution
		HideSolutionNode = FALSE
	EndGlobalSection
	GlobalSection(ExtensibilityGlobals) = postSolution
		SolutionGuid = {32C5AFB1-378B-4DCE-8C8A-667D90493021}
	EndGlobalSection
EndGlobal
